<?xml version="1.0" encoding="utf-8"?>
<Project ToolsVersion="4.0" xmlns="http://schemas.microsoft.com/developer/msbuild/2003">
  <ItemGroup>
    <Filter Include="リソース ファイル">
      <UniqueIdentifier>{67DA6AB6-F800-4c08-8B7A-83BB121AAD01}</UniqueIdentifier>
      <Extensions>rc;ico;cur;bmp;dlg;rc2;rct;bin;rgs;gif;jpg;jpeg;jpe;resx;tiff;tif;png;wav;mfcribbon-ms</Extensions>
    </Filter>
    <Filter Include="Scenes">
      <UniqueIdentifier>{7158c54d-2a5e-4b84-8499-449b62a4b8a6}</UniqueIdentifier>
    </Filter>
    <Filter Include="Managers">
      <UniqueIdentifier>{a41e8567-e8af-4a6a-966d-c30abe2e3840}</UniqueIdentifier>
    </Filter>
    <Filter Include="Common">
      <UniqueIdentifier>{75fd214f-622e-4681-b649-f32c55dbbac8}</UniqueIdentifier>
    </Filter>
    <Filter Include="Objects">
      <UniqueIdentifier>{a555594e-02eb-480e-ae05-7d63eee57152}</UniqueIdentifier>
    </Filter>
  </ItemGroup>
  <ItemGroup>
    <ClInclude Include="Resource.h" />
    <ClInclude Include="WindowSettingItems.h" />
    <ClInclude Include="WinMain.h" />
    <ClInclude Include="Manager\AnimationManager.h">
      <Filter>Managers</Filter>
    </ClInclude>
    <ClInclude Include="Common\Animation2D.h">
      <Filter>Common</Filter>
    </ClInclude>
    <ClInclude Include="Common\Camera.h">
      <Filter>Common</Filter>
    </ClInclude>
    <ClInclude Include="Common\Collisions.h">
      <Filter>Common</Filter>
    </ClInclude>
    <ClInclude Include="Common\Colors.h">
      <Filter>Common</Filter>
    </ClInclude>
    <ClInclude Include="Common\Error.h">
      <Filter>Common</Filter>
    </ClInclude>
    <ClInclude Include="Common\FileIO.h">
      <Filter>Common</Filter>
    </ClInclude>
    <ClInclude Include="Scenes\GameplayScene.h">
      <Filter>Scenes</Filter>
    </ClInclude>
    <ClInclude Include="Common\Geometry2D.h">
      <Filter>Common</Filter>
    </ClInclude>
    <ClInclude Include="Scenes\LogoScene.h">
      <Filter>Scenes</Filter>
    </ClInclude>
    <ClInclude Include="Manager\ObjectManager.h">
      <Filter>Managers</Filter>
    </ClInclude>
    <ClInclude Include="Scenes\SceneBace.h">
      <Filter>Scenes</Filter>
    </ClInclude>
    <ClInclude Include="Manager\SceneManager.h">
      <Filter>Managers</Filter>
    </ClInclude>
    <ClInclude Include="Manager\ResourceManager.h">
      <Filter>Managers</Filter>
    </ClInclude>
    <ClInclude Include="Scenes\TitleScene.h">
      <Filter>Scenes</Filter>
    </ClInclude>
    <ClInclude Include="Common\Sprite2D.h">
      <Filter>Common</Filter>
    </ClInclude>
    <ClInclude Include="Common\Motion.h">
      <Filter>Common</Filter>
    </ClInclude>
    <ClInclude Include="Objects\ObjectBace.h">
      <Filter>Objects</Filter>
    </ClInclude>
    <ClInclude Include="Manager\Joypad.h">
      <Filter>Managers</Filter>
    </ClInclude>
    <ClInclude Include="Manager\ShareData.h">
      <Filter>Managers</Filter>
    </ClInclude>
    <ClInclude Include="Objects\Player.h">
      <Filter>Objects</Filter>
    </ClInclude>
    <ClInclude Include="Objects\ThunderGenerater.h">
      <Filter>Objects</Filter>
    </ClInclude>
    <ClInclude Include="Objects\Thunder.h">
      <Filter>Objects</Filter>
    </ClInclude>
    <ClInclude Include="Common\CCRandom.h">
      <Filter>Common</Filter>
    </ClInclude>
    <ClInclude Include="Scenes\Result.h">
      <Filter>Scenes</Filter>
    </ClInclude>
  </ItemGroup>
  <ItemGroup>
    <ClCompile Include="WindowSettingItems.cpp" />
    <ClCompile Include="WinMain.cpp" />
    <ClCompile Include="Manager\AnimationManager.cpp">
      <Filter>Managers</Filter>
    </ClCompile>
    <ClCompile Include="Common\Animation2D.cpp">
      <Filter>Common</Filter>
    </ClCompile>
    <ClCompile Include="Common\Camera.cpp">
      <Filter>Common</Filter>
    </ClCompile>
    <ClCompile Include="Common\Collisions.cpp">
      <Filter>Common</Filter>
    </ClCompile>
    <ClCompile Include="Common\Error.cpp">
      <Filter>Common</Filter>
    </ClCompile>
    <ClCompile Include="Common\FileIO.cpp">
      <Filter>Common</Filter>
    </ClCompile>
    <ClCompile Include="Scenes\GameplayScene.cpp">
      <Filter>Scenes</Filter>
    </ClCompile>
    <ClCompile Include="Common\Geometry2D.cpp">
      <Filter>Common</Filter>
    </ClCompile>
    <ClCompile Include="Scenes\LogoScene.cpp">
      <Filter>Scenes</Filter>
    </ClCompile>
    <ClCompile Include="Manager\ObjectManager.cpp">
      <Filter>Managers</Filter>
    </ClCompile>
    <ClCompile Include="Scenes\SceneBace.cpp">
      <Filter>Scenes</Filter>
    </ClCompile>
    <ClCompile Include="Manager\ResourceManager.cpp">
      <Filter>Managers</Filter>
    </ClCompile>
    <ClCompile Include="Manager\SceneManager.cpp">
      <Filter>Managers</Filter>
    </ClCompile>
    <ClCompile Include="Scenes\TitleScene.cpp">
      <Filter>Scenes</Filter>
    </ClCompile>
    <ClCompile Include="Common\Sprite2D.cpp">
      <Filter>Common</Filter>
    </ClCompile>
    <ClCompile Include="Common\Motion.cpp">
      <Filter>Common</Filter>
    </ClCompile>
    <ClCompile Include="Objects\ObjectBace.cpp">
      <Filter>Objects</Filter>
    </ClCompile>
    <ClCompile Include="Manager\Joypad.cpp">
      <Filter>Managers</Filter>
    </ClCompile>
    <ClCompile Include="Manager\ShareData.cpp">
      <Filter>Managers</Filter>
    </ClCompile>
    <ClCompile Include="Objects\Player.cpp">
      <Filter>Objects</Filter>
    </ClCompile>
    <ClCompile Include="Objects\Thunder.cpp">
      <Filter>Objects</Filter>
    </ClCompile>
    <ClCompile Include="Objects\ThunderGenerater.cpp">
      <Filter>Objects</Filter>
    </ClCompile>
    <ClCompile Include="Common\CCRandom.cpp">
      <Filter>Common</Filter>
    </ClCompile>
    <ClCompile Include="Scenes\Result.cpp">
      <Filter>Scenes</Filter>
    </ClCompile>
  </ItemGroup>
  <ItemGroup>
    <Image Include="icon.ico">
      <Filter>リソース ファイル</Filter>
    </Image>
  </ItemGroup>
  <ItemGroup>
    <ResourceCompile Include="Resource.rc">
      <Filter>リソース ファイル</Filter>
    </ResourceCompile>
  </ItemGroup>
  <ItemGroup>
    <None Include="packages.config" />
  </ItemGroup>
</Project>